<?xml version="1.0" encoding="utf-8"?>
<Project ToolsVersion="4.0" xmlns="http://schemas.microsoft.com/developer/msbuild/2003">
  <ItemGroup>
    <Filter Include="Resource Files">
      <UniqueIdentifier>{1a913106-0be0-4476-b0ce-2aa855072614}</UniqueIdentifier>
      <Extensions>ico;cur;bmp;dlg;rc2;rct;bin;cnt;rtf;gif;jpg;jpeg;jpe</Extensions>
    </Filter>
    <Filter Include="MFC">
      <UniqueIdentifier>{da904ee8-7f59-4a6c-b3ff-b91b6fb6d0ea}</UniqueIdentifier>
    </Filter>
    <Filter Include="GameLibrary">
      <UniqueIdentifier>{df7aa532-3fdf-46a0-b3fc-8f5922e8d9e4}</UniqueIdentifier>
    </Filter>
    <Filter Include="MyGame">
      <UniqueIdentifier>{0c798913-b7d2-4e26-8241-0f83266cd626}</UniqueIdentifier>
    </Filter>
  </ItemGroup>
  <ItemGroup>
    <None Include="Res\ball.bmp">
      <Filter>Resource Files</Filter>
    </None>
    <None Include="RES\bmp0.bmp">
      <Filter>Resource Files</Filter>
    </None>
    <None Include="RES\bmp1.bmp">
      <Filter>Resource Files</Filter>
    </None>
    <None Include="RES\bmp10.bmp">
      <Filter>Resource Files</Filter>
    </None>
    <None Include="RES\bmp2.bmp">
      <Filter>Resource Files</Filter>
    </None>
    <None Include="RES\bmp3.bmp">
      <Filter>Resource Files</Filter>
    </None>
    <None Include="RES\bmp4.bmp">
      <Filter>Resource Files</Filter>
    </None>
    <None Include="RES\bmp5.bmp">
      <Filter>Resource Files</Filter>
    </None>
    <None Include="RES\bmp6.bmp">
      <Filter>Resource Files</Filter>
    </None>
    <None Include="RES\bmp7.bmp">
      <Filter>Resource Files</Filter>
    </None>
    <None Include="RES\bmp8.bmp">
      <Filter>Resource Files</Filter>
    </None>
    <None Include="RES\bmp9.bmp">
      <Filter>Resource Files</Filter>
    </None>
    <None Include="RES\center.bmp">
      <Filter>Resource Files</Filter>
    </None>
    <None Include="RES\continue.bmp">
      <Filter>Resource Files</Filter>
    </None>
    <None Include="Res\corner.bmp">
      <Filter>Resource Files</Filter>
    </None>
    <None Include="RES\eraser1.bmp">
      <Filter>Resource Files</Filter>
    </None>
    <None Include="RES\eraser2.bmp">
      <Filter>Resource Files</Filter>
    </None>
    <None Include="RES\eraser3.bmp">
      <Filter>Resource Files</Filter>
    </None>
    <None Include="res\game.ico">
      <Filter>Resource Files</Filter>
    </None>
    <None Include="res\game.rc2">
      <Filter>Resource Files</Filter>
    </None>
    <None Include="RES\gamecurs.cur">
      <Filter>Resource Files</Filter>
    </None>
    <None Include="res\gameDoc.ico">
      <Filter>Resource Files</Filter>
    </None>
    <None Include="RES\help.bmp">
      <Filter>Resource Files</Filter>
    </None>
    <None Include="RES\loading.bmp">
      <Filter>Resource Files</Filter>
    </None>
    <None Include="RES\ntutcsie.bmp">
      <Filter>Resource Files</Filter>
    </None>
    <None Include="res\Toolbar.bmp">
      <Filter>Resource Files</Filter>
    </None>
  </ItemGroup>
  <ItemGroup>
    <ClCompile Include="Source\audio.cpp">
      <Filter>GameLibrary</Filter>
    </ClCompile>
    <ClCompile Include="Source\game.cpp">
      <Filter>MFC</Filter>
    </ClCompile>
    <ClCompile Include="Source\gameDoc.cpp">
      <Filter>MFC</Filter>
    </ClCompile>
    <ClCompile Include="Source\gamelib.cpp">
      <Filter>GameLibrary</Filter>
    </ClCompile>
    <ClCompile Include="Source\gameView.cpp">
      <Filter>MFC</Filter>
    </ClCompile>
    <ClCompile Include="Source\MainFrm.cpp">
      <Filter>MFC</Filter>
    </ClCompile>
    <ClCompile Include="Source\StdAfx.cpp">
      <Filter>MFC</Filter>
    </ClCompile>
    <ClCompile Include="Source\mygame.cpp">
      <Filter>MyGame</Filter>
    </ClCompile>
    <ClCompile Include="Source\CEraser.cpp">
      <Filter>MyGame</Filter>
    </ClCompile>
    <ClCompile Include="Source\CBall.cpp">
      <Filter>MyGame</Filter>
    </ClCompile>
    <ClCompile Include="Source\CBouncingBall.cpp">
      <Filter>MyGame</Filter>
    </ClCompile>
    <ClCompile Include="Source\ClongGray.cpp">
      <Filter>MyGame</Filter>
    </ClCompile>
  </ItemGroup>
  <ItemGroup>
    <ClInclude Include="Source\audio.h">
      <Filter>GameLibrary</Filter>
    </ClInclude>
    <ClInclude Include="Source\game.h">
      <Filter>MFC</Filter>
    </ClInclude>
    <ClInclude Include="Source\gameDoc.h">
      <Filter>MFC</Filter>
    </ClInclude>
    <ClInclude Include="Source\gamelib.h">
      <Filter>GameLibrary</Filter>
    </ClInclude>
    <ClInclude Include="Source\gameView.h">
      <Filter>MFC</Filter>
    </ClInclude>
    <ClInclude Include="Source\MainFrm.h">
      <Filter>MFC</Filter>
    </ClInclude>
    <ClInclude Include="Source\Resource.h">
      <Filter>MFC</Filter>
    </ClInclude>
    <ClInclude Include="Source\StdAfx.h">
      <Filter>MFC</Filter>
    </ClInclude>
    <ClInclude Include="Source\mygame.h">
      <Filter>MyGame</Filter>
    </ClInclude>
    <ClInclude Include="Source\CEraser.h">
      <Filter>MyGame</Filter>
    </ClInclude>
    <ClInclude Include="Source\CBall.h">
      <Filter>MyGame</Filter>
    </ClInclude>
    <ClInclude Include="Source\CBouncingBall.h">
      <Filter>MyGame</Filter>
    </ClInclude>
    <ClInclude Include="Source\ClongGray.h">
      <Filter>MyGame</Filter>
    </ClInclude>
  </ItemGroup>
  <ItemGroup>
    <ResourceCompile Include="Source\game.rc">
      <Filter>MFC</Filter>
    </ResourceCompile>
  </ItemGroup>
  <ItemGroup>
    <Image Include="res\bitmap3.bmp">
      <Filter>Resource Files</Filter>
    </Image>
    <Image Include="res\test.bmp">
      <Filter>Resource Files</Filter>
    </Image>
    <Image Include="res\bitmap4.bmp">
      <Filter>Resource Files</Filter>
    </Image>
    <Image Include="res\bitmap5.bmp">
      <Filter>Resource Files</Filter>
    </Image>
    <Image Include="res\bitmapBlue.bmp">
      <Filter>Resource Files</Filter>
    </Image>
    <Image Include="res\bitmapGreen.bmp">
      <Filter>Resource Files</Filter>
    </Image>
    <Image Include="res\bitmap6.bmp">
      <Filter>Resource Files</Filter>
    </Image>
    <Image Include="RES\gameTitle.bmp">
      <Filter>Resource Files</Filter>
    </Image>
    <Image Include="res\bmp00001.bmp">
      <Filter>Resource Files</Filter>
    </Image>
    <Image Include="RES\gameTitle012.bmp">
      <Filter>Resource Files</Filter>
    </Image>
    <Image Include="..\..\hand1.bmp">
      <Filter>Resource Files</Filter>
    </Image>
    <Image Include="..\..\hand2.bmp">
      <Filter>Resource Files</Filter>
    </Image>
    <Image Include="res\bitmap7.bmp">
      <Filter>Resource Files</Filter>
    </Image>
    <Image Include="..\BMP\01.bmp">
      <Filter>Resource Files</Filter>
    </Image>
    <Image Include="..\BMP\02.bmp">
      <Filter>Resource Files</Filter>
    </Image>
    <Image Include="..\BMP\03.bmp">
      <Filter>Resource Files</Filter>
    </Image>
    <Image Include="..\BMP\04.bmp">
      <Filter>Resource Files</Filter>
    </Image>
    <Image Include="..\BMP\05.bmp">
      <Filter>Resource Files</Filter>
    </Image>
    <Image Include="..\BMP\06.bmp">
      <Filter>Resource Files</Filter>
    </Image>
    <Image Include="..\BMP\07.bmp">
      <Filter>Resource Files</Filter>
    </Image>
    <Image Include="..\BMP\08.bmp">
      <Filter>Resource Files</Filter>
    </Image>
    <Image Include="res\hand1.bmp">
      <Filter>Resource Files</Filter>
    </Image>
    <Image Include="res\hand2.bmp">
      <Filter>Resource Files</Filter>
    </Image>
    <Image Include="res\bitmap17.bmp">
      <Filter>Resource Files</Filter>
    </Image>
    <Image Include="res\bitmap18.bmp">
      <Filter>Resource Files</Filter>
    </Image>
    <Image Include="..\BMP\c1.bmp">
      <Filter>Resource Files</Filter>
    </Image>
    <Image Include="..\BMP\c2.bmp">
      <Filter>Resource Files</Filter>
    </Image>
    <Image Include="..\BMP\c3.bmp">
      <Filter>Resource Files</Filter>
    </Image>
    <Image Include="..\BMP\c4.bmp">
      <Filter>Resource Files</Filter>
    </Image>
    <Image Include="..\BMP\c5.bmp">
      <Filter>Resource Files</Filter>
    </Image>
    <Image Include="..\BMP\c6.bmp">
      <Filter>Resource Files</Filter>
    </Image>
    <Image Include="..\BMP\c7.bmp">
      <Filter>Resource Files</Filter>
    </Image>
    <Image Include="..\BMP\c8.bmp">
      <Filter>Resource Files</Filter>
    </Image>
    <Image Include="..\BMP\c9.bmp">
      <Filter>Resource Files</Filter>
    </Image>
    <Image Include="..\BMP\c10.bmp">
      <Filter>Resource Files</Filter>
    </Image>
    <Image Include="..\BMP\c11.bmp">
      <Filter>Resource Files</Filter>
    </Image>
    <Image Include="..\BMP\c12.bmp">
      <Filter>Resource Files</Filter>
    </Image>
    <Image Include="RES\c1.bmp">
      <Filter>Resource Files</Filter>
    </Image>
    <Image Include="RES\c2.bmp">
      <Filter>Resource Files</Filter>
    </Image>
    <Image Include="RES\c3.bmp">
      <Filter>Resource Files</Filter>
    </Image>
    <Image Include="RES\c4.bmp">
      <Filter>Resource Files</Filter>
    </Image>
    <Image Include="RES\c5.bmp">
      <Filter>Resource Files</Filter>
    </Image>
    <Image Include="RES\c6.bmp">
      <Filter>Resource Files</Filter>
    </Image>
    <Image Include="RES\c7.bmp">
      <Filter>Resource Files</Filter>
    </Image>
    <Image Include="RES\c8.bmp">
      <Filter>Resource Files</Filter>
    </Image>
    <Image Include="RES\c9.bmp">
      <Filter>Resource Files</Filter>
    </Image>
    <Image Include="RES\c10.bmp">
      <Filter>Resource Files</Filter>
    </Image>
    <Image Include="RES\c11.bmp">
      <Filter>Resource Files</Filter>
    </Image>
    <Image Include="RES\c12.bmp">
      <Filter>Resource Files</Filter>
    </Image>
    <Image Include="res\bitmap29.bmp">
      <Filter>Resource Files</Filter>
    </Image>
    <Image Include="RES\karate1.bmp">
      <Filter>Resource Files</Filter>
    </Image>
    <Image Include="RES\karate2.bmp">
      <Filter>Resource Files</Filter>
    </Image>
    <Image Include="res\bitmap30.bmp">
      <Filter>Resource Files</Filter>
    </Image>
<<<<<<< HEAD
=======
    <Image Include="res\01.bmp">
      <Filter>Resource Files</Filter>
    </Image>
    <Image Include="res\02.bmp">
      <Filter>Resource Files</Filter>
    </Image>
    <Image Include="res\03.bmp">
      <Filter>Resource Files</Filter>
    </Image>
    <Image Include="res\04.bmp">
      <Filter>Resource Files</Filter>
    </Image>
    <Image Include="res\05.bmp">
      <Filter>Resource Files</Filter>
    </Image>
    <Image Include="res\06.bmp">
      <Filter>Resource Files</Filter>
    </Image>
    <Image Include="res\07.bmp">
      <Filter>Resource Files</Filter>
    </Image>
    <Image Include="res\08.bmp">
      <Filter>Resource Files</Filter>
    </Image>
>>>>>>> 4c4b9121bf0c353f197b58150a522ea56665bbcc
  </ItemGroup>
</Project>